// !$*UTF8*$!
{
	archiveVersion = 1;
	classes = {
	};
	objectVersion = 50;
	objects = {

/* Begin PBXBuildFile section */
		65158B7020E5034F00218BFE /* main.swift in Sources */ = {isa = PBXBuildFile; fileRef = 65158B6F20E5034F00218BFE /* main.swift */; };
		65158B7720E5039000218BFE /* Token.swift in Sources */ = {isa = PBXBuildFile; fileRef = 65158B7620E5039000218BFE /* Token.swift */; };
		65158B7920E503C100218BFE /* Lexer.swift in Sources */ = {isa = PBXBuildFile; fileRef = 65158B7820E503C100218BFE /* Lexer.swift */; };
		65158B7B20E5047300218BFE /* Character+Utils.swift in Sources */ = {isa = PBXBuildFile; fileRef = 65158B7A20E5047300218BFE /* Character+Utils.swift */; };
		651ADF3E20F62D3300A3144F /* Grammar.swift in Sources */ = {isa = PBXBuildFile; fileRef = 651ADF3D20F62D3300A3144F /* Grammar.swift */; };
		654329AE20F7EC9300E599F0 /* Parser.swift in Sources */ = {isa = PBXBuildFile; fileRef = 654329AD20F7EC9300E599F0 /* Parser.swift */; };
		65706B3520F21251007E2467 /* IteratorProtocol+Utils.swift in Sources */ = {isa = PBXBuildFile; fileRef = 65706B3420F21251007E2467 /* IteratorProtocol+Utils.swift */; };
/* End PBXBuildFile section */

/* Begin PBXCopyFilesBuildPhase section */
		65158B6A20E5034F00218BFE /* CopyFiles */ = {
			isa = PBXCopyFilesBuildPhase;
			buildActionMask = 2147483647;
			dstPath = /usr/share/man/man1/;
			dstSubfolderSpec = 0;
			files = (
			);
			runOnlyForDeploymentPostprocessing = 1;
		};
/* End PBXCopyFilesBuildPhase section */

/* Begin PBXFileReference section */
		65158B6C20E5034F00218BFE /* Dark */ = {isa = PBXFileReference; explicitFileType = "compiled.mach-o.executable"; includeInIndex = 0; path = Dark; sourceTree = BUILT_PRODUCTS_DIR; };
		65158B6F20E5034F00218BFE /* main.swift */ = {isa = PBXFileReference; lastKnownFileType = sourcecode.swift; path = main.swift; sourceTree = "<group>"; };
		65158B7620E5039000218BFE /* Token.swift */ = {isa = PBXFileReference; lastKnownFileType = sourcecode.swift; path = Token.swift; sourceTree = "<group>"; };
		65158B7820E503C100218BFE /* Lexer.swift */ = {isa = PBXFileReference; lastKnownFileType = sourcecode.swift; path = Lexer.swift; sourceTree = "<group>"; };
		65158B7A20E5047300218BFE /* Character+Utils.swift */ = {isa = PBXFileReference; lastKnownFileType = sourcecode.swift; path = "Character+Utils.swift"; sourceTree = "<group>"; };
		651ADF3D20F62D3300A3144F /* Grammar.swift */ = {isa = PBXFileReference; lastKnownFileType = sourcecode.swift; path = Grammar.swift; sourceTree = "<group>"; };
		654329AD20F7EC9300E599F0 /* Parser.swift */ = {isa = PBXFileReference; lastKnownFileType = sourcecode.swift; path = Parser.swift; sourceTree = "<group>"; };
		65706B3420F21251007E2467 /* IteratorProtocol+Utils.swift */ = {isa = PBXFileReference; lastKnownFileType = sourcecode.swift; path = "IteratorProtocol+Utils.swift"; sourceTree = "<group>"; };
/* End PBXFileReference section */

/* Begin PBXFrameworksBuildPhase section */
		65158B6920E5034F00218BFE /* Frameworks */ = {
			isa = PBXFrameworksBuildPhase;
			buildActionMask = 2147483647;
			files = (
			);
			runOnlyForDeploymentPostprocessing = 0;
		};
/* End PBXFrameworksBuildPhase section */

/* Begin PBXGroup section */
		65158B6320E5034F00218BFE = {
			isa = PBXGroup;
			children = (
				65158B6E20E5034F00218BFE /* Dark */,
				65158B6D20E5034F00218BFE /* Products */,
			);
			sourceTree = "<group>";
		};
		65158B6D20E5034F00218BFE /* Products */ = {
			isa = PBXGroup;
			children = (
				65158B6C20E5034F00218BFE /* Dark */,
			);
			name = Products;
			sourceTree = "<group>";
		};
		65158B6E20E5034F00218BFE /* Dark */ = {
			isa = PBXGroup;
			children = (
				65158B6F20E5034F00218BFE /* main.swift */,
				65158B7A20E5047300218BFE /* Character+Utils.swift */,
				65706B3420F21251007E2467 /* IteratorProtocol+Utils.swift */,
				65158B7820E503C100218BFE /* Lexer.swift */,
				65158B7620E5039000218BFE /* Token.swift */,
				651ADF3D20F62D3300A3144F /* Grammar.swift */,
				654329AD20F7EC9300E599F0 /* Parser.swift */,
			);
			path = Dark;
			sourceTree = "<group>";
		};
/* End PBXGroup section */

/* Begin PBXNativeTarget section */
		65158B6B20E5034F00218BFE /* Dark */ = {
			isa = PBXNativeTarget;
			buildConfigurationList = 65158B7320E5034F00218BFE /* Build configuration list for PBXNativeTarget "Dark" */;
			buildPhases = (
				65158B6820E5034F00218BFE /* Sources */,
				65158B6920E5034F00218BFE /* Frameworks */,
				65158B6A20E5034F00218BFE /* CopyFiles */,
			);
			buildRules = (
			);
			dependencies = (
			);
			name = Dark;
			productName = Dark;
			productReference = 65158B6C20E5034F00218BFE /* Dark */;
			productType = "com.apple.product-type.tool";
		};
/* End PBXNativeTarget section */

/* Begin PBXProject section */
		65158B6420E5034F00218BFE /* Project object */ = {
			isa = PBXProject;
			attributes = {
				LastSwiftUpdateCheck = 0940;
				LastUpgradeCheck = 0940;
				ORGANIZATIONNAME = Weedea;
				TargetAttributes = {
					65158B6B20E5034F00218BFE = {
						CreatedOnToolsVersion = 9.4.1;
					};
				};
			};
			buildConfigurationList = 65158B6720E5034F00218BFE /* Build configuration list for PBXProject "Dark" */;
			compatibilityVersion = "Xcode 9.3";
			developmentRegion = en;
			hasScannedForEncodings = 0;
			knownRegions = (
				en,
			);
			mainGroup = 65158B6320E5034F00218BFE;
			productRefGroup = 65158B6D20E5034F00218BFE /* Products */;
			projectDirPath = "";
			projectRoot = "";
			targets = (
				65158B6B20E5034F00218BFE /* Dark */,
			);
		};
/* End PBXProject section */

/* Begin PBXSourcesBuildPhase section */
		65158B6820E5034F00218BFE /* Sources */ = {
			isa = PBXSourcesBuildPhase;
			buildActionMask = 2147483647;
			files = (
				65706B3520F21251007E2467 /* IteratorProtocol+Utils.swift in Sources */,
				65158B7020E5034F00218BFE /* main.swift in Sources */,
				65158B7B20E5047300218BFE /* Character+Utils.swift in Sources */,
				65158B7920E503C100218BFE /* Lexer.swift in Sources */,
				65158B7720E5039000218BFE /* Token.swift in Sources */,
				651ADF3E20F62D3300A3144F /* Grammar.swift in Sources */,
				654329AE20F7EC9300E599F0 /* Parser.swift in Sources */,
			);
			runOnlyForDeploymentPostprocessing = 0;
		};
/* End PBXSourcesBuildPhase section */

/* Begin XCBuildConfiguration section */
		65158B7120E5034F00218BFE /* Debug */ = {
			isa = XCBuildConfiguration;
			buildSettings = {
				ALWAYS_SEARCH_USER_PATHS = NO;
				CLANG_ANALYZER_NONNULL = YES;
				CLANG_ANALYZER_NUMBER_OBJECT_CONVERSION = YES_AGGRESSIVE;
				CLANG_CXX_LANGUAGE_STANDARD = "gnu++14";
				CLANG_CXX_LIBRARY = "libc++";
				CLANG_ENABLE_MODULES = YES;
				CLANG_ENABLE_OBJC_ARC = YES;
				CLANG_ENABLE_OBJC_WEAK = YES;
				CLANG_WARN_BLOCK_CAPTURE_AUTORELEASING = YES;
				CLANG_WARN_BOOL_CONVERSION = YES;
				CLANG_WARN_COMMA = YES;
				CLANG_WARN_CONSTANT_CONVERSION = YES;
				CLANG_WARN_DEPRECATED_OBJC_IMPLEMENTATIONS = YES;
				CLANG_WARN_DIRECT_OBJC_ISA_USAGE = YES_ERROR;
				CLANG_WARN_DOCUMENTATION_COMMENTS = YES;
				CLANG_WARN_EMPTY_BODY = YES;
				CLANG_WARN_ENUM_CONVERSION = YES;
				CLANG_WARN_INFINITE_RECURSION = YES;
				CLANG_WARN_INT_CONVERSION = YES;
				CLANG_WARN_NON_LITERAL_NULL_CONVERSION = YES;
				CLANG_WARN_OBJC_IMPLICIT_RETAIN_SELF = YES;
				CLANG_WARN_OBJC_LITERAL_CONVERSION = YES;
				CLANG_WARN_OBJC_ROOT_CLASS = YES_ERROR;
				CLANG_WARN_RANGE_LOOP_ANALYSIS = YES;
				CLANG_WARN_STRICT_PROTOTYPES = YES;
				CLANG_WARN_SUSPICIOUS_MOVE = YES;
				CLANG_WARN_UNGUARDED_AVAILABILITY = YES_AGGRESSIVE;
				CLANG_WARN_UNREACHABLE_CODE = YES;
				CLANG_WARN__DUPLICATE_METHOD_MATCH = YES;
				CODE_SIGN_IDENTITY = "-";
				COPY_PHASE_STRIP = NO;
				DEBUG_INFORMATION_FORMAT = dwarf;
				ENABLE_STRICT_OBJC_MSGSEND = YES;
				ENABLE_TESTABILITY = YES;
				GCC_C_LANGUAGE_STANDARD = gnu11;
				GCC_DYNAMIC_NO_PIC = NO;
				GCC_NO_COMMON_BLOCKS = YES;
				GCC_OPTIMIZATION_LEVEL = 0;
				GCC_PREPROCESSOR_DEFINITIONS = (
					"DEBUG=1",
					"$(inherited)",
				);
				GCC_WARN_64_TO_32_BIT_CONVERSION = YES;
				GCC_WARN_ABOUT_RETURN_TYPE = YES_ERROR;
				GCC_WARN_UNDECLARED_SELECTOR = YES;
				GCC_WARN_UNINITIALIZED_AUTOS = YES_AGGRESSIVE;
				GCC_WARN_UNUSED_FUNCTION = YES;
				GCC_WARN_UNUSED_VARIABLE = YES;
				MACOSX_DEPLOYMENT_TARGET = 10.13;
				MTL_ENABLE_DEBUG_INFO = YES;
				ONLY_ACTIVE_ARCH = YES;
				SDKROOT = macosx;
				SWIFT_ACTIVE_COMPILATION_CONDITIONS = DEBUG;
				SWIFT_OPTIMIZATION_LEVEL = "-Onone";
			};
			name = Debug;
		};
		65158B7220E5034F00218BFE /* Release */ = {
			isa = XCBuildConfiguration;
			buildSettings = {
				ALWAYS_SEARCH_USER_PATHS = NO;
				CLANG_ANALYZER_NONNULL = YES;
				CLANG_ANALYZER_NUMBER_OBJECT_CONVERSION = YES_AGGRESSIVE;
				CLANG_CXX_LANGUAGE_STANDARD = "gnu++14";
				CLANG_CXX_LIBRARY = "libc++";
				CLANG_ENABLE_MODULES = YES;
				CLANG_ENABLE_OBJC_ARC = YES;
				CLANG_ENABLE_OBJC_WEAK = YES;
				CLANG_WARN_BLOCK_CAPTURE_AUTORELEASING = YES;
				CLANG_WARN_BOOL_CONVERSION = YES;
				CLANG_WARN_COMMA = YES;
				CLANG_WARN_CONSTANT_CONVERSION = YES;
				CLANG_WARN_DEPRECATED_OBJC_IMPLEMENTATIONS = YES;
				CLANG_WARN_DIRECT_OBJC_ISA_USAGE = YES_ERROR;
				CLANG_WARN_DOCUMENTATION_COMMENTS = YES;
				CLANG_WARN_EMPTY_BODY = YES;
				CLANG_WARN_ENUM_CONVERSION = YES;
				CLANG_WARN_INFINITE_RECURSION = YES;
				CLANG_WARN_INT_CONVERSION = YES;
				CLANG_WARN_NON_LITERAL_NULL_CONVERSION = YES;
				CLANG_WARN_OBJC_IMPLICIT_RETAIN_SELF = YES;
				CLANG_WARN_OBJC_LITERAL_CONVERSION = YES;
				CLANG_WARN_OBJC_ROOT_CLASS = YES_ERROR;
				CLANG_WARN_RANGE_LOOP_ANALYSIS = YES;
				CLANG_WARN_STRICT_PROTOTYPES = YES;
				CLANG_WARN_SUSPICIOUS_MOVE = YES;
				CLANG_WARN_UNGUARDED_AVAILABILITY = YES_AGGRESSIVE;
				CLANG_WARN_UNREACHABLE_CODE = YES;
				CLANG_WARN__DUPLICATE_METHOD_MATCH = YES;
				CODE_SIGN_IDENTITY = "-";
				COPY_PHASE_STRIP = NO;
				DEBUG_INFORMATION_FORMAT = "dwarf-with-dsym";
				ENABLE_NS_ASSERTIONS = NO;
				ENABLE_STRICT_OBJC_MSGSEND = YES;
				GCC_C_LANGUAGE_STANDARD = gnu11;
				GCC_NO_COMMON_BLOCKS = YES;
				GCC_WARN_64_TO_32_BIT_CONVERSION = YES;
				GCC_WARN_ABOUT_RETURN_TYPE = YES_ERROR;
				GCC_WARN_UNDECLARED_SELECTOR = YES;
				GCC_WARN_UNINITIALIZED_AUTOS = YES_AGGRESSIVE;
				GCC_WARN_UNUSED_FUNCTION = YES;
				GCC_WARN_UNUSED_VARIABLE = YES;
				MACOSX_DEPLOYMENT_TARGET = 10.13;
				MTL_ENABLE_DEBUG_INFO = NO;
				SDKROOT = macosx;
				SWIFT_COMPILATION_MODE = wholemodule;
				SWIFT_OPTIMIZATION_LEVEL = "-O";
			};
			name = Release;
		};
		65158B7420E5034F00218BFE /* Debug */ = {
			isa = XCBuildConfiguration;
			buildSettings = {
				CODE_SIGN_STYLE = Automatic;
				PRODUCT_NAME = "$(TARGET_NAME)";
				SWIFT_VERSION = 4.0;
			};
			name = Debug;
		};
		65158B7520E5034F00218BFE /* Release */ = {
			isa = XCBuildConfiguration;
			buildSettings = {
				CODE_SIGN_STYLE = Automatic;
				PRODUCT_NAME = "$(TARGET_NAME)";
				SWIFT_VERSION = 4.0;
			};
			name = Release;
		};
/* End XCBuildConfiguration section */

/* Begin XCConfigurationList section */
		65158B6720E5034F00218BFE /* Build configuration list for PBXProject "Dark" */ = {
			isa = XCConfigurationList;
			buildConfigurations = (
				65158B7120E5034F00218BFE /* Debug */,
				65158B7220E5034F00218BFE /* Release */,
			);
			defaultConfigurationIsVisible = 0;
			defaultConfigurationName = Release;
		};
		65158B7320E5034F00218BFE /* Build configuration list for PBXNativeTarget "Dark" */ = {
			isa = XCConfigurationList;
			buildConfigurations = (
				65158B7420E5034F00218BFE /* Debug */,
				65158B7520E5034F00218BFE /* Release */,
			);
			defaultConfigurationIsVisible = 0;
			defaultConfigurationName = Release;
		};
/* End XCConfigurationList section */
	};
	rootObject = 65158B6420E5034F00218BFE /* Project object */;
}
